{
  "name": "sceau-cryptolab",
  "version": "0.0.0",
  "lockfileVersion": 3,
  "requires": true,
  "packages": {
    "": {
      "name": "sceau-cryptolab",
      "version": "0.0.0",
      "dependencies": {
        "@cloudflare/voprf-ts": "^1.0.0"
      }
    },
    "node_modules/@cloudflare/voprf-ts": {
      "version": "1.0.0",
      "resolved": "https://registry.npmjs.org/@cloudflare/voprf-ts/-/voprf-ts-1.0.0.tgz",
      "integrity": "sha512-OvvWlnm5bjwPr7KaJ8MItQDaMz4DgN6BuOO3x/WXLVqCwM4rn6H/8Mgdbxq2XAEAi3BAh58XWDlAfmHL+AZTBA==",
      "license": "BSD-3-Clause",
      "engines": {
        "node": ">=20"
      },
      "optionalDependencies": {
        "@noble/curves": "1.5.0",
        "@noble/hashes": "1.4.0"
      }
    },
    "node_modules/@noble/curves": {
      "version": "1.5.0",
      "resolved": "https://registry.npmjs.org/@noble/curves/-/curves-1.5.0.tgz",
      "integrity": "sha512-J5EKamIHnKPyClwVrzmaf5wSdQXgdHcPZIZLu3bwnbeCx8/7NPK5q2ZBWF+5FvYGByjiQQsJYX6jfgB2wDPn3A==",
      "license": "MIT",
      "optional": true,
      "dependencies": {
        "@noble/hashes": "1.4.0"
      },
      "funding": {
        "url": "https://paulmillr.com/funding/"
      }
    },
    "node_modules/@noble/hashes": {
      "version": "1.4.0",
      "resolved": "https://registry.npmjs.org/@noble/hashes/-/hashes-1.4.0.tgz",
      "integrity": "sha512-V1JJ1WTRUqHHrOSh597hURcMqVKVGL/ea3kv0gSnEdsEZ0/+VyPghM1lMNGc00z7CIQorSvbKpuJkxvuHbvdbg==",
      "license": "MIT",
      "optional": true,
      "engines": {
        "node": ">= 16"
      },
      "funding": {
        "url": "https://paulmillr.com/funding/"
      }
    }
  }
}
